
Microsoft Visual Studio Solution File, Format Version 12.00
# Visual Studio Version 16
VisualStudioVersion = 16.0.31205.134
MinimumVisualStudioVersion = 10.0.40219.1
Project("{FAE04EC0-301F-11D3-BF4B-00C04F79EFBC}") = "ProgressTask", "New01\ProgressTask.csproj", "{747ED759-4B45-402E-9020-ACB0F822EC28}"
EndProject
Global
	GlobalSection(SolutionConfigurationPlatforms) = preSolution
		Debug|Any CPU = Debug|Any CPU
		Release|Any CPU = Release|Any CPU
	EndGlobalSection
	GlobalSection(ProjectConfigurationPlatforms) = postSolution
		{747ED759-4B45-402E-9020-ACB0F822EC28}.Debug|Any CPU.ActiveCfg = Debug|Any CPU
		{747ED759-4B45-402E-9020-ACB0F822EC28}.Debug|Any CPU.Build.0 = Debug|Any CPU
		{747ED759-4B45-402E-9020-ACB0F822EC28}.Release|Any CPU.ActiveCfg = Release|Any CPU
		{747ED759-4B45-402E-9020-ACB0F822EC28}.Release|Any CPU.Build.0 = Release|Any CPU
	EndGlobalSection
	GlobalSection(SolutionProperties) = preSolution
		HideSolutionNode = FALSE
	EndGlobalSection
	GlobalSection(ExtensibilityGlobals) = postSolution
		SolutionGuid = {5C805120-77EF-4F31-9683-CF49AA141307}
	EndGlobalSection
EndGlobal
